
Microsoft Visual Studio Solution File, Format Version 12.00
# Visual Studio Version 17
VisualStudioVersion = 17.6.33717.318
MinimumVisualStudioVersion = 10.0.40219.1
Project("{8BC9CEB8-8B4A-11D0-8D11-00A0C91BC942}") = "PThreads", "PThreads.vcxproj", "{10A16FA5-9109-48B2-ACC3-91643E84E94B}"
EndProject
Global
	GlobalSection(SolutionConfigurationPlatforms) = preSolution
		Debug|x64 = Debug|x64
		Debug|x86 = Debug|x86
		Release|x64 = Release|x64
		Release|x86 = Release|x86
	EndGlobalSection
	GlobalSection(ProjectConfigurationPlatforms) = postSolution
		{10A16FA5-9109-48B2-ACC3-91643E84E94B}.Debug|x64.ActiveCfg = Debug|x64
		{10A16FA5-9109-48B2-ACC3-91643E84E94B}.Debug|x64.Build.0 = Debug|x64
		{10A16FA5-9109-48B2-ACC3-91643E84E94B}.Debug|x86.ActiveCfg = Debug|Win32
		{10A16FA5-9109-48B2-ACC3-91643E84E94B}.Debug|x86.Build.0 = Debug|Win32
		{10A16FA5-9109-48B2-ACC3-91643E84E94B}.Release|x64.ActiveCfg = Release|x64
		{10A16FA5-9109-48B2-ACC3-91643E84E94B}.Release|x64.Build.0 = Release|x64
		{10A16FA5-9109-48B2-ACC3-91643E84E94B}.Release|x86.ActiveCfg = Release|Win32
		{10A16FA5-9109-48B2-ACC3-91643E84E94B}.Release|x86.Build.0 = Release|Win32
	EndGlobalSection
	GlobalSection(SolutionProperties) = preSolution
		HideSolutionNode = FALSE
	EndGlobalSection
	GlobalSection(ExtensibilityGlobals) = postSolution
		SolutionGuid = {3BB71AD4-749C-419B-8BA4-5B5F5A728504}
	EndGlobalSection
EndGlobal
